// !$*UTF8*$!
{
	archiveVersion = 1;
	classes = {
	};
	objectVersion = 46;
	objects = {

/* Begin PBXBuildFile section */
		61B1CD211977E1B2002101D8 /* Foundation.framework in Frameworks */ = {isa = PBXBuildFile; fileRef = 61B1CD201977E1B2002101D8 /* Foundation.framework */; };
		61B1CD231977E1B2002101D8 /* CoreGraphics.framework in Frameworks */ = {isa = PBXBuildFile; fileRef = 61B1CD221977E1B2002101D8 /* CoreGraphics.framework */; };
		61B1CD251977E1B2002101D8 /* UIKit.framework in Frameworks */ = {isa = PBXBuildFile; fileRef = 61B1CD241977E1B2002101D8 /* UIKit.framework */; };
		61B1CD2B1977E1B2002101D8 /* InfoPlist.strings in Resources */ = {isa = PBXBuildFile; fileRef = 61B1CD291977E1B2002101D8 /* InfoPlist.strings */; };
		61B1CD2D1977E1B2002101D8 /* main.m in Sources */ = {isa = PBXBuildFile; fileRef = 61B1CD2C1977E1B2002101D8 /* main.m */; };
		61B1CD311977E1B2002101D8 /* AppDelegate.m in Sources */ = {isa = PBXBuildFile; fileRef = 61B1CD301977E1B2002101D8 /* AppDelegate.m */; };
		61B1CD341977E1B2002101D8 /* Main.storyboard in Resources */ = {isa = PBXBuildFile; fileRef = 61B1CD321977E1B2002101D8 /* Main.storyboard */; };
		61B1CD371977E1B2002101D8 /* ViewController.m in Sources */ = {isa = PBXBuildFile; fileRef = 61B1CD361977E1B2002101D8 /* ViewController.m */; };
		61B1CD391977E1B2002101D8 /* Images.xcassets in Resources */ = {isa = PBXBuildFile; fileRef = 61B1CD381977E1B2002101D8 /* Images.xcassets */; };
		61B1CD401977E1B2002101D8 /* XCTest.framework in Frameworks */ = {isa = PBXBuildFile; fileRef = 61B1CD3F1977E1B2002101D8 /* XCTest.framework */; };
		61B1CD411977E1B2002101D8 /* Foundation.framework in Frameworks */ = {isa = PBXBuildFile; fileRef = 61B1CD201977E1B2002101D8 /* Foundation.framework */; };
		61B1CD421977E1B2002101D8 /* UIKit.framework in Frameworks */ = {isa = PBXBuildFile; fileRef = 61B1CD241977E1B2002101D8 /* UIKit.framework */; };
		61B1CD4A1977E1B2002101D8 /* InfoPlist.strings in Resources */ = {isa = PBXBuildFile; fileRef = 61B1CD481977E1B2002101D8 /* InfoPlist.strings */; };
		61B1CD4C1977E1B2002101D8 /* EmojiKeyBoardTests.m in Sources */ = {isa = PBXBuildFile; fileRef = 61B1CD4B1977E1B2002101D8 /* EmojiKeyBoardTests.m */; };
/* End PBXBuildFile section */

/* Begin PBXContainerItemProxy section */
		61B1CD431977E1B2002101D8 /* PBXContainerItemProxy */ = {
			isa = PBXContainerItemProxy;
			containerPortal = 61B1CD151977E1B2002101D8 /* Project object */;
			proxyType = 1;
			remoteGlobalIDString = 61B1CD1C1977E1B2002101D8;
			remoteInfo = EmojiKeyBoard;
		};
/* End PBXContainerItemProxy section */

/* Begin PBXFileReference section */
		61B1CD1D1977E1B2002101D8 /* EmojiKeyBoard.app */ = {isa = PBXFileReference; explicitFileType = wrapper.application; includeInIndex = 0; path = EmojiKeyBoard.app; sourceTree = BUILT_PRODUCTS_DIR; };
		61B1CD201977E1B2002101D8 /* Foundation.framework */ = {isa = PBXFileReference; lastKnownFileType = wrapper.framework; name = Foundation.framework; path = System/Library/Frameworks/Foundation.framework; sourceTree = SDKROOT; };
		61B1CD221977E1B2002101D8 /* CoreGraphics.framework */ = {isa = PBXFileReference; lastKnownFileType = wrapper.framework; name = CoreGraphics.framework; path = System/Library/Frameworks/CoreGraphics.framework; sourceTree = SDKROOT; };
		61B1CD241977E1B2002101D8 /* UIKit.framework */ = {isa = PBXFileReference; lastKnownFileType = wrapper.framework; name = UIKit.framework; path = System/Library/Frameworks/UIKit.framework; sourceTree = SDKROOT; };
		61B1CD281977E1B2002101D8 /* EmojiKeyBoard-Info.plist */ = {isa = PBXFileReference; lastKnownFileType = text.plist.xml; path = "EmojiKeyBoard-Info.plist"; sourceTree = "<group>"; };
		61B1CD2A1977E1B2002101D8 /* en */ = {isa = PBXFileReference; lastKnownFileType = text.plist.strings; name = en; path = en.lproj/InfoPlist.strings; sourceTree = "<group>"; };
		61B1CD2C1977E1B2002101D8 /* main.m */ = {isa = PBXFileReference; lastKnownFileType = sourcecode.c.objc; path = main.m; sourceTree = "<group>"; };
		61B1CD2E1977E1B2002101D8 /* EmojiKeyBoard-Prefix.pch */ = {isa = PBXFileReference; lastKnownFileType = sourcecode.c.h; path = "EmojiKeyBoard-Prefix.pch"; sourceTree = "<group>"; };
		61B1CD2F1977E1B2002101D8 /* AppDelegate.h */ = {isa = PBXFileReference; lastKnownFileType = sourcecode.c.h; path = AppDelegate.h; sourceTree = "<group>"; };
		61B1CD301977E1B2002101D8 /* AppDelegate.m */ = {isa = PBXFileReference; lastKnownFileType = sourcecode.c.objc; path = AppDelegate.m; sourceTree = "<group>"; };
		61B1CD331977E1B2002101D8 /* Base */ = {isa = PBXFileReference; lastKnownFileType = file.storyboard; name = Base; path = Base.lproj/Main.storyboard; sourceTree = "<group>"; };
		61B1CD351977E1B2002101D8 /* ViewController.h */ = {isa = PBXFileReference; lastKnownFileType = sourcecode.c.h; path = ViewController.h; sourceTree = "<group>"; };
		61B1CD361977E1B2002101D8 /* ViewController.m */ = {isa = PBXFileReference; lastKnownFileType = sourcecode.c.objc; path = ViewController.m; sourceTree = "<group>"; };
		61B1CD381977E1B2002101D8 /* Images.xcassets */ = {isa = PBXFileReference; lastKnownFileType = folder.assetcatalog; path = Images.xcassets; sourceTree = "<group>"; };
		61B1CD3E1977E1B2002101D8 /* EmojiKeyBoardTests.xctest */ = {isa = PBXFileReference; explicitFileType = wrapper.cfbundle; includeInIndex = 0; path = EmojiKeyBoardTests.xctest; sourceTree = BUILT_PRODUCTS_DIR; };
		61B1CD3F1977E1B2002101D8 /* XCTest.framework */ = {isa = PBXFileReference; lastKnownFileType = wrapper.framework; name = XCTest.framework; path = Library/Frameworks/XCTest.framework; sourceTree = DEVELOPER_DIR; };
		61B1CD471977E1B2002101D8 /* EmojiKeyBoardTests-Info.plist */ = {isa = PBXFileReference; lastKnownFileType = text.plist.xml; path = "EmojiKeyBoardTests-Info.plist"; sourceTree = "<group>"; };
		61B1CD491977E1B2002101D8 /* en */ = {isa = PBXFileReference; lastKnownFileType = text.plist.strings; name = en; path = en.lproj/InfoPlist.strings; sourceTree = "<group>"; };
		61B1CD4B1977E1B2002101D8 /* EmojiKeyBoardTests.m */ = {isa = PBXFileReference; lastKnownFileType = sourcecode.c.objc; path = EmojiKeyBoardTests.m; sourceTree = "<group>"; };
/* End PBXFileReference section */

/* Begin PBXFrameworksBuildPhase section */
		61B1CD1A1977E1B2002101D8 /* Frameworks */ = {
			isa = PBXFrameworksBuildPhase;
			buildActionMask = 2147483647;
			files = (
				61B1CD231977E1B2002101D8 /* CoreGraphics.framework in Frameworks */,
				61B1CD251977E1B2002101D8 /* UIKit.framework in Frameworks */,
				61B1CD211977E1B2002101D8 /* Foundation.framework in Frameworks */,
			);
			runOnlyForDeploymentPostprocessing = 0;
		};
		61B1CD3B1977E1B2002101D8 /* Frameworks */ = {
			isa = PBXFrameworksBuildPhase;
			buildActionMask = 2147483647;
			files = (
				61B1CD401977E1B2002101D8 /* XCTest.framework in Frameworks */,
				61B1CD421977E1B2002101D8 /* UIKit.framework in Frameworks */,
				61B1CD411977E1B2002101D8 /* Foundation.framework in Frameworks */,
			);
			runOnlyForDeploymentPostprocessing = 0;
		};
/* End PBXFrameworksBuildPhase section */

/* Begin PBXGroup section */
		61B1CD141977E1B2002101D8 = {
			isa = PBXGroup;
			children = (
				61B1CD261977E1B2002101D8 /* EmojiKeyBoard */,
				61B1CD451977E1B2002101D8 /* EmojiKeyBoardTests */,
				61B1CD1F1977E1B2002101D8 /* Frameworks */,
				61B1CD1E1977E1B2002101D8 /* Products */,
			);
			sourceTree = "<group>";
		};
		61B1CD1E1977E1B2002101D8 /* Products */ = {
			isa = PBXGroup;
			children = (
				61B1CD1D1977E1B2002101D8 /* EmojiKeyBoard.app */,
				61B1CD3E1977E1B2002101D8 /* EmojiKeyBoardTests.xctest */,
			);
			name = Products;
			sourceTree = "<group>";
		};
		61B1CD1F1977E1B2002101D8 /* Frameworks */ = {
			isa = PBXGroup;
			children = (
				61B1CD201977E1B2002101D8 /* Foundation.framework */,
				61B1CD221977E1B2002101D8 /* CoreGraphics.framework */,
				61B1CD241977E1B2002101D8 /* UIKit.framework */,
				61B1CD3F1977E1B2002101D8 /* XCTest.framework */,
			);
			name = Frameworks;
			sourceTree = "<group>";
		};
		61B1CD261977E1B2002101D8 /* EmojiKeyBoard */ = {
			isa = PBXGroup;
			children = (
				61B1CD2F1977E1B2002101D8 /* AppDelegate.h */,
				61B1CD301977E1B2002101D8 /* AppDelegate.m */,
				61B1CD321977E1B2002101D8 /* Main.storyboard */,
				61B1CD351977E1B2002101D8 /* ViewController.h */,
				61B1CD361977E1B2002101D8 /* ViewController.m */,
				61B1CD381977E1B2002101D8 /* Images.xcassets */,
				61B1CD271977E1B2002101D8 /* Supporting Files */,
			);
			path = EmojiKeyBoard;
			sourceTree = "<group>";
		};
		61B1CD271977E1B2002101D8 /* Supporting Files */ = {
			isa = PBXGroup;
			children = (
				61B1CD281977E1B2002101D8 /* EmojiKeyBoard-Info.plist */,
				61B1CD291977E1B2002101D8 /* InfoPlist.strings */,
				61B1CD2C1977E1B2002101D8 /* main.m */,
				61B1CD2E1977E1B2002101D8 /* EmojiKeyBoard-Prefix.pch */,
			);
			name = "Supporting Files";
			sourceTree = "<group>";
		};
		61B1CD451977E1B2002101D8 /* EmojiKeyBoardTests */ = {
			isa = PBXGroup;
			children = (
				61B1CD4B1977E1B2002101D8 /* EmojiKeyBoardTests.m */,
				61B1CD461977E1B2002101D8 /* Supporting Files */,
			);
			path = EmojiKeyBoardTests;
			sourceTree = "<group>";
		};
		61B1CD461977E1B2002101D8 /* Supporting Files */ = {
			isa = PBXGroup;
			children = (
				61B1CD471977E1B2002101D8 /* EmojiKeyBoardTests-Info.plist */,
				61B1CD481977E1B2002101D8 /* InfoPlist.strings */,
			);
			name = "Supporting Files";
			sourceTree = "<group>";
		};
/* End PBXGroup section */

/* Begin PBXNativeTarget section */
		61B1CD1C1977E1B2002101D8 /* EmojiKeyBoard */ = {
			isa = PBXNativeTarget;
			buildConfigurationList = 61B1CD4F1977E1B2002101D8 /* Build configuration list for PBXNativeTarget "EmojiKeyBoard" */;
			buildPhases = (
				61B1CD191977E1B2002101D8 /* Sources */,
				61B1CD1A1977E1B2002101D8 /* Frameworks */,
				61B1CD1B1977E1B2002101D8 /* Resources */,
			);
			buildRules = (
			);
			dependencies = (
			);
			name = EmojiKeyBoard;
			productName = EmojiKeyBoard;
			productReference = 61B1CD1D1977E1B2002101D8 /* EmojiKeyBoard.app */;
			productType = "com.apple.product-type.application";
		};
		61B1CD3D1977E1B2002101D8 /* EmojiKeyBoardTests */ = {
			isa = PBXNativeTarget;
			buildConfigurationList = 61B1CD521977E1B2002101D8 /* Build configuration list for PBXNativeTarget "EmojiKeyBoardTests" */;
			buildPhases = (
				61B1CD3A1977E1B2002101D8 /* Sources */,
				61B1CD3B1977E1B2002101D8 /* Frameworks */,
				61B1CD3C1977E1B2002101D8 /* Resources */,
			);
			buildRules = (
			);
			dependencies = (
				61B1CD441977E1B2002101D8 /* PBXTargetDependency */,
			);
			name = EmojiKeyBoardTests;
			productName = EmojiKeyBoardTests;
			productReference = 61B1CD3E1977E1B2002101D8 /* EmojiKeyBoardTests.xctest */;
			productType = "com.apple.product-type.bundle.unit-test";
		};
/* End PBXNativeTarget section */

/* Begin PBXProject section */
		61B1CD151977E1B2002101D8 /* Project object */ = {
			isa = PBXProject;
			attributes = {
				LastUpgradeCheck = 0510;
				ORGANIZATIONNAME = Meitu;
				TargetAttributes = {
					61B1CD3D1977E1B2002101D8 = {
						TestTargetID = 61B1CD1C1977E1B2002101D8;
					};
				};
			};
			buildConfigurationList = 61B1CD181977E1B2002101D8 /* Build configuration list for PBXProject "EmojiKeyBoard" */;
			compatibilityVersion = "Xcode 3.2";
			developmentRegion = English;
			hasScannedForEncodings = 0;
			knownRegions = (
				en,
				Base,
			);
			mainGroup = 61B1CD141977E1B2002101D8;
			productRefGroup = 61B1CD1E1977E1B2002101D8 /* Products */;
			projectDirPath = "";
			projectRoot = "";
			targets = (
				61B1CD1C1977E1B2002101D8 /* EmojiKeyBoard */,
				61B1CD3D1977E1B2002101D8 /* EmojiKeyBoardTests */,
			);
		};
/* End PBXProject section */

/* Begin PBXResourcesBuildPhase section */
		61B1CD1B1977E1B2002101D8 /* Resources */ = {
			isa = PBXResourcesBuildPhase;
			buildActionMask = 2147483647;
			files = (
				61B1CD391977E1B2002101D8 /* Images.xcassets in Resources */,
				61B1CD2B1977E1B2002101D8 /* InfoPlist.strings in Resources */,
				61B1CD341977E1B2002101D8 /* Main.storyboard in Resources */,
			);
			runOnlyForDeploymentPostprocessing = 0;
		};
		61B1CD3C1977E1B2002101D8 /* Resources */ = {
			isa = PBXResourcesBuildPhase;
			buildActionMask = 2147483647;
			files = (
				61B1CD4A1977E1B2002101D8 /* InfoPlist.strings in Resources */,
			);
			runOnlyForDeploymentPostprocessing = 0;
		};
/* End PBXResourcesBuildPhase section */

/* Begin PBXSourcesBuildPhase section */
		61B1CD191977E1B2002101D8 /* Sources */ = {
			isa = PBXSourcesBuildPhase;
			buildActionMask = 2147483647;
			files = (
				61B1CD371977E1B2002101D8 /* ViewController.m in Sources */,
				61B1CD311977E1B2002101D8 /* AppDelegate.m in Sources */,
				61B1CD2D1977E1B2002101D8 /* main.m in Sources */,
			);
			runOnlyForDeploymentPostprocessing = 0;
		};
		61B1CD3A1977E1B2002101D8 /* Sources */ = {
			isa = PBXSourcesBuildPhase;
			buildActionMask = 2147483647;
			files = (
				61B1CD4C1977E1B2002101D8 /* EmojiKeyBoardTests.m in Sources */,
			);
			runOnlyForDeploymentPostprocessing = 0;
		};
/* End PBXSourcesBuildPhase section */

/* Begin PBXTargetDependency section */
		61B1CD441977E1B2002101D8 /* PBXTargetDependency */ = {
			isa = PBXTargetDependency;
			target = 61B1CD1C1977E1B2002101D8 /* EmojiKeyBoard */;
			targetProxy = 61B1CD431977E1B2002101D8 /* PBXContainerItemProxy */;
		};
/* End PBXTargetDependency section */

/* Begin PBXVariantGroup section */
		61B1CD291977E1B2002101D8 /* InfoPlist.strings */ = {
			isa = PBXVariantGroup;
			children = (
				61B1CD2A1977E1B2002101D8 /* en */,
			);
			name = InfoPlist.strings;
			sourceTree = "<group>";
		};
		61B1CD321977E1B2002101D8 /* Main.storyboard */ = {
			isa = PBXVariantGroup;
			children = (
				61B1CD331977E1B2002101D8 /* Base */,
			);
			name = Main.storyboard;
			sourceTree = "<group>";
		};
		61B1CD481977E1B2002101D8 /* InfoPlist.strings */ = {
			isa = PBXVariantGroup;
			children = (
				61B1CD491977E1B2002101D8 /* en */,
			);
			name = InfoPlist.strings;
			sourceTree = "<group>";
		};
/* End PBXVariantGroup section */

/* Begin XCBuildConfiguration section */
		61B1CD4D1977E1B2002101D8 /* Debug */ = {
			isa = XCBuildConfiguration;
			buildSettings = {
				ALWAYS_SEARCH_USER_PATHS = NO;
				CLANG_CXX_LANGUAGE_STANDARD = "gnu++0x";
				CLANG_CXX_LIBRARY = "libc++";
				CLANG_ENABLE_MODULES = YES;
				CLANG_ENABLE_OBJC_ARC = YES;
				CLANG_WARN_BOOL_CONVERSION = YES;
				CLANG_WARN_CONSTANT_CONVERSION = YES;
				CLANG_WARN_DIRECT_OBJC_ISA_USAGE = YES_ERROR;
				CLANG_WARN_EMPTY_BODY = YES;
				CLANG_WARN_ENUM_CONVERSION = YES;
				CLANG_WARN_INT_CONVERSION = YES;
				CLANG_WARN_OBJC_ROOT_CLASS = YES_ERROR;
				CLANG_WARN__DUPLICATE_METHOD_MATCH = YES;
				"CODE_SIGN_IDENTITY[sdk=iphoneos*]" = "iPhone Developer";
				COPY_PHASE_STRIP = NO;
				GCC_C_LANGUAGE_STANDARD = gnu99;
				GCC_DYNAMIC_NO_PIC = NO;
				GCC_OPTIMIZATION_LEVEL = 0;
				GCC_PREPROCESSOR_DEFINITIONS = (
					"DEBUG=1",
					"$(inherited)",
				);
				GCC_SYMBOLS_PRIVATE_EXTERN = NO;
				GCC_WARN_64_TO_32_BIT_CONVERSION = YES;
				GCC_WARN_ABOUT_RETURN_TYPE = YES_ERROR;
				GCC_WARN_UNDECLARED_SELECTOR = YES;
				GCC_WARN_UNINITIALIZED_AUTOS = YES_AGGRESSIVE;
				GCC_WARN_UNUSED_FUNCTION = YES;
				GCC_WARN_UNUSED_VARIABLE = YES;
				IPHONEOS_DEPLOYMENT_TARGET = 7.1;
				ONLY_ACTIVE_ARCH = YES;
				SDKROOT = iphoneos;
			};
			name = Debug;
		};
		61B1CD4E1977E1B2002101D8 /* Release */ = {
			isa = XCBuildConfiguration;
			buildSettings = {
				ALWAYS_SEARCH_USER_PATHS = NO;
				CLANG_CXX_LANGUAGE_STANDARD = "gnu++0x";
				CLANG_CXX_LIBRARY = "libc++";
				CLANG_ENABLE_MODULES = YES;
				CLANG_ENABLE_OBJC_ARC = YES;
				CLANG_WARN_BOOL_CONVERSION = YES;
				CLANG_WARN_CONSTANT_CONVERSION = YES;
				CLANG_WARN_DIRECT_OBJC_ISA_USAGE = YES_ERROR;
				CLANG_WARN_EMPTY_BODY = YES;
				CLANG_WARN_ENUM_CONVERSION = YES;
				CLANG_WARN_INT_CONVERSION = YES;
				CLANG_WARN_OBJC_ROOT_CLASS = YES_ERROR;
				CLANG_WARN__DUPLICATE_METHOD_MATCH = YES;
				"CODE_SIGN_IDENTITY[sdk=iphoneos*]" = "iPhone Developer";
				COPY_PHASE_STRIP = YES;
				ENABLE_NS_ASSERTIONS = NO;
				GCC_C_LANGUAGE_STANDARD = gnu99;
				GCC_WARN_64_TO_32_BIT_CONVERSION = YES;
				GCC_WARN_ABOUT_RETURN_TYPE = YES_ERROR;
				GCC_WARN_UNDECLARED_SELECTOR = YES;
				GCC_WARN_UNINITIALIZED_AUTOS = YES_AGGRESSIVE;
				GCC_WARN_UNUSED_FUNCTION = YES;
				GCC_WARN_UNUSED_VARIABLE = YES;
				IPHONEOS_DEPLOYMENT_TARGET = 7.1;
				SDKROOT = iphoneos;
				VALIDATE_PRODUCT = YES;
			};
			name = Release;
		};
		61B1CD501977E1B2002101D8 /* Debug */ = {
			isa = XCBuildConfiguration;
			buildSettings = {
				ASSETCATALOG_COMPILER_APPICON_NAME = AppIcon;
				ASSETCATALOG_COMPILER_LAUNCHIMAGE_NAME = LaunchImage;
				GCC_PRECOMPILE_PREFIX_HEADER = YES;
				GCC_PREFIX_HEADER = "EmojiKeyBoard/EmojiKeyBoard-Prefix.pch";
				INFOPLIST_FILE = "EmojiKeyBoard/EmojiKeyBoard-Info.plist";
				PRODUCT_NAME = "$(TARGET_NAME)";
				WRAPPER_EXTENSION = app;
			};
			name = Debug;
		};
		61B1CD511977E1B2002101D8 /* Release */ = {
			isa = XCBuildConfiguration;
			buildSettings = {
				ASSETCATALOG_COMPILER_APPICON_NAME = AppIcon;
				ASSETCATALOG_COMPILER_LAUNCHIMAGE_NAME = LaunchImage;
				GCC_PRECOMPILE_PREFIX_HEADER = YES;
				GCC_PREFIX_HEADER = "EmojiKeyBoard/EmojiKeyBoard-Prefix.pch";
				INFOPLIST_FILE = "EmojiKeyBoard/EmojiKeyBoard-Info.plist";
				PRODUCT_NAME = "$(TARGET_NAME)";
				WRAPPER_EXTENSION = app;
			};
			name = Release;
		};
		61B1CD531977E1B2002101D8 /* Debug */ = {
			isa = XCBuildConfiguration;
			buildSettings = {
				BUNDLE_LOADER = "$(BUILT_PRODUCTS_DIR)/EmojiKeyBoard.app/EmojiKeyBoard";
				FRAMEWORK_SEARCH_PATHS = (
					"$(SDKROOT)/Developer/Library/Frameworks",
					"$(inherited)",
					"$(DEVELOPER_FRAMEWORKS_DIR)",
				);
				GCC_PRECOMPILE_PREFIX_HEADER = YES;
				GCC_PREFIX_HEADER = "EmojiKeyBoard/EmojiKeyBoard-Prefix.pch";
				GCC_PREPROCESSOR_DEFINITIONS = (
					"DEBUG=1",
					"$(inherited)",
				);
				INFOPLIST_FILE = "EmojiKeyBoardTests/EmojiKeyBoardTests-Info.plist";
				PRODUCT_NAME = "$(TARGET_NAME)";
				TEST_HOST = "$(BUNDLE_LOADER)";
				WRAPPER_EXTENSION = xctest;
			};
			name = Debug;
		};
		61B1CD541977E1B2002101D8 /* Release */ = {
			isa = XCBuildConfiguration;
			buildSettings = {
				BUNDLE_LOADER = "$(BUILT_PRODUCTS_DIR)/EmojiKeyBoard.app/EmojiKeyBoard";
				FRAMEWORK_SEARCH_PATHS = (
					"$(SDKROOT)/Developer/Library/Frameworks",
					"$(inherited)",
					"$(DEVELOPER_FRAMEWORKS_DIR)",
				);
				GCC_PRECOMPILE_PREFIX_HEADER = YES;
				GCC_PREFIX_HEADER = "EmojiKeyBoard/EmojiKeyBoard-Prefix.pch";
				INFOPLIST_FILE = "EmojiKeyBoardTests/EmojiKeyBoardTests-Info.plist";
				PRODUCT_NAME = "$(TARGET_NAME)";
				TEST_HOST = "$(BUNDLE_LOADER)";
				WRAPPER_EXTENSION = xctest;
			};
			name = Release;
		};
/* End XCBuildConfiguration section */

/* Begin XCConfigurationList section */
		61B1CD181977E1B2002101D8 /* Build configuration list for PBXProject "EmojiKeyBoard" */ = {
			isa = XCConfigurationList;
			buildConfigurations = (
				61B1CD4D1977E1B2002101D8 /* Debug */,
				61B1CD4E1977E1B2002101D8 /* Release */,
			);
			defaultConfigurationIsVisible = 0;
			defaultConfigurationName = Release;
		};
		61B1CD4F1977E1B2002101D8 /* Build configuration list for PBXNativeTarget "EmojiKeyBoard" */ = {
			isa = XCConfigurationList;
			buildConfigurations = (
				61B1CD501977E1B2002101D8 /* Debug */,
				61B1CD511977E1B2002101D8 /* Release */,
			);
			defaultConfigurationIsVisible = 0;
		};
		61B1CD521977E1B2002101D8 /* Build configuration list for PBXNativeTarget "EmojiKeyBoardTests" */ = {
			isa = XCConfigurationList;
			buildConfigurations = (
				61B1CD531977E1B2002101D8 /* Debug */,
				61B1CD541977E1B2002101D8 /* Release */,
			);
			defaultConfigurationIsVisible = 0;
		};
/* End XCConfigurationList section */
	};
	rootObject = 61B1CD151977E1B2002101D8 /* Project object */;
}
